
Microsoft Visual Studio Solution File, Format Version 12.00
# Visual Studio 15
VisualStudioVersion = 15.0.27130.2027
MinimumVisualStudioVersion = 10.0.40219.1
Project("{FAE04EC0-301F-11D3-BF4B-00C04F79EFBC}") = "Red.Wine", "Red.Wine.csproj", "{B0826428-3173-4D96-B9A0-59354D6D18BD}"
EndProject
Global
	GlobalSection(SolutionConfigurationPlatforms) = preSolution
		Debug|Any CPU = Debug|Any CPU
		Release|Any CPU = Release|Any CPU
	EndGlobalSection
	GlobalSection(ProjectConfigurationPlatforms) = postSolution
		{B0826428-3173-4D96-B9A0-59354D6D18BD}.Debug|Any CPU.ActiveCfg = Debug|Any CPU
		{B0826428-3173-4D96-B9A0-59354D6D18BD}.Debug|Any CPU.Build.0 = Debug|Any CPU
		{B0826428-3173-4D96-B9A0-59354D6D18BD}.Release|Any CPU.ActiveCfg = Release|Any CPU
		{B0826428-3173-4D96-B9A0-59354D6D18BD}.Release|Any CPU.Build.0 = Release|Any CPU
	EndGlobalSection
	GlobalSection(SolutionProperties) = preSolution
		HideSolutionNode = FALSE
	EndGlobalSection
	GlobalSection(ExtensibilityGlobals) = postSolution
		SolutionGuid = {34744F60-81DB-44F5-9E3A-FEAEB3F5BB9E}
	EndGlobalSection
EndGlobal
